
Microsoft Visual Studio Solution File, Format Version 12.00
# Visual Studio 2012
Project("{FAE04EC0-301F-11D3-BF4B-00C04F79EFBC}") = "RET", "RET\RET.csproj", "{D520B58C-1571-4F23-8308-C9D010AFFEF8}"
EndProject
Project("{FAE04EC0-301F-11D3-BF4B-00C04F79EFBC}") = "Model", "Model\Model.csproj", "{2EC6BDCD-56B2-4EDF-B68E-F204603DF0F2}"
EndProject
Project("{FAE04EC0-301F-11D3-BF4B-00C04F79EFBC}") = "UnitTestProject", "UnitTestProject\UnitTestProject.csproj", "{DBF9980E-181B-4576-BF38-FE2A8BEC640B}"
EndProject
Project("{FAE04EC0-301F-11D3-BF4B-00C04F79EFBC}") = "DAL", "DAL\DAL.csproj", "{1BBAA8C5-FFD7-4794-95BE-BF329235F4FE}"
EndProject
Project("{FAE04EC0-301F-11D3-BF4B-00C04F79EFBC}") = "BLLCommon", "BLLCommon\BLLCommon.csproj", "{230ADB69-4213-4038-A701-84A89B0E41D8}"
EndProject
Project("{FAE04EC0-301F-11D3-BF4B-00C04F79EFBC}") = "BLL", "BLL\BLL.csproj", "{D15F8593-97C8-42EA-A903-704B1236CE2D}"
EndProject
Project("{FAE04EC0-301F-11D3-BF4B-00C04F79EFBC}") = "Common", "Common\Common.csproj", "{29E35724-A266-451E-A649-CBE6DAB142A3}"
EndProject
Project("{FAE04EC0-301F-11D3-BF4B-00C04F79EFBC}") = "RET.API", "RET.API\RET.API.csproj", "{D1C77CB7-6F68-4DD6-B6D1-CAA6CCDA59C3}"
EndProject
Project("{FAE04EC0-301F-11D3-BF4B-00C04F79EFBC}") = "Core.Cache", "Core.Cache\Core.Cache.csproj", "{D653995F-49C8-443A-B015-A88DE4E28A5F}"
EndProject
Project("{FAE04EC0-301F-11D3-BF4B-00C04F79EFBC}") = "Core.Service", "Core.Service\Core.Service.csproj", "{BAE74F00-43E4-46C4-A139-1966D99AFDA8}"
EndProject
Project("{FAE04EC0-301F-11D3-BF4B-00C04F79EFBC}") = "Web", "Web\Web.csproj", "{4D38046E-FFAF-451D-9218-D5827B4AEF4D}"
EndProject
Project("{FAE04EC0-301F-11D3-BF4B-00C04F79EFBC}") = "Contract", "Contract\Contract.csproj", "{086DAD4D-E1E9-4837-BB0B-24BA2B1CE683}"
EndProject
Project("{FAE04EC0-301F-11D3-BF4B-00C04F79EFBC}") = "Core.Log", "Core.Log\Core.Log.csproj", "{44C66A7D-2708-4331-858A-604EBD0D089F}"
EndProject
Global
	GlobalSection(SolutionConfigurationPlatforms) = preSolution
		Debug|Any CPU = Debug|Any CPU
		Release|Any CPU = Release|Any CPU
	EndGlobalSection
	GlobalSection(ProjectConfigurationPlatforms) = postSolution
		{D520B58C-1571-4F23-8308-C9D010AFFEF8}.Debug|Any CPU.ActiveCfg = Debug|Any CPU
		{D520B58C-1571-4F23-8308-C9D010AFFEF8}.Debug|Any CPU.Build.0 = Debug|Any CPU
		{D520B58C-1571-4F23-8308-C9D010AFFEF8}.Release|Any CPU.ActiveCfg = Release|Any CPU
		{D520B58C-1571-4F23-8308-C9D010AFFEF8}.Release|Any CPU.Build.0 = Release|Any CPU
		{2EC6BDCD-56B2-4EDF-B68E-F204603DF0F2}.Debug|Any CPU.ActiveCfg = Debug|Any CPU
		{2EC6BDCD-56B2-4EDF-B68E-F204603DF0F2}.Debug|Any CPU.Build.0 = Debug|Any CPU
		{2EC6BDCD-56B2-4EDF-B68E-F204603DF0F2}.Release|Any CPU.ActiveCfg = Release|Any CPU
		{2EC6BDCD-56B2-4EDF-B68E-F204603DF0F2}.Release|Any CPU.Build.0 = Release|Any CPU
		{DBF9980E-181B-4576-BF38-FE2A8BEC640B}.Debug|Any CPU.ActiveCfg = Debug|Any CPU
		{DBF9980E-181B-4576-BF38-FE2A8BEC640B}.Debug|Any CPU.Build.0 = Debug|Any CPU
		{DBF9980E-181B-4576-BF38-FE2A8BEC640B}.Release|Any CPU.ActiveCfg = Release|Any CPU
		{DBF9980E-181B-4576-BF38-FE2A8BEC640B}.Release|Any CPU.Build.0 = Release|Any CPU
		{1BBAA8C5-FFD7-4794-95BE-BF329235F4FE}.Debug|Any CPU.ActiveCfg = Debug|Any CPU
		{1BBAA8C5-FFD7-4794-95BE-BF329235F4FE}.Debug|Any CPU.Build.0 = Debug|Any CPU
		{1BBAA8C5-FFD7-4794-95BE-BF329235F4FE}.Release|Any CPU.ActiveCfg = Release|Any CPU
		{1BBAA8C5-FFD7-4794-95BE-BF329235F4FE}.Release|Any CPU.Build.0 = Release|Any CPU
		{230ADB69-4213-4038-A701-84A89B0E41D8}.Debug|Any CPU.ActiveCfg = Debug|Any CPU
		{230ADB69-4213-4038-A701-84A89B0E41D8}.Debug|Any CPU.Build.0 = Debug|Any CPU
		{230ADB69-4213-4038-A701-84A89B0E41D8}.Release|Any CPU.ActiveCfg = Release|Any CPU
		{230ADB69-4213-4038-A701-84A89B0E41D8}.Release|Any CPU.Build.0 = Release|Any CPU
		{D15F8593-97C8-42EA-A903-704B1236CE2D}.Debug|Any CPU.ActiveCfg = Debug|Any CPU
		{D15F8593-97C8-42EA-A903-704B1236CE2D}.Debug|Any CPU.Build.0 = Debug|Any CPU
		{D15F8593-97C8-42EA-A903-704B1236CE2D}.Release|Any CPU.ActiveCfg = Release|Any CPU
		{D15F8593-97C8-42EA-A903-704B1236CE2D}.Release|Any CPU.Build.0 = Release|Any CPU
		{29E35724-A266-451E-A649-CBE6DAB142A3}.Debug|Any CPU.ActiveCfg = Debug|Any CPU
		{29E35724-A266-451E-A649-CBE6DAB142A3}.Debug|Any CPU.Build.0 = Debug|Any CPU
		{29E35724-A266-451E-A649-CBE6DAB142A3}.Release|Any CPU.ActiveCfg = Release|Any CPU
		{29E35724-A266-451E-A649-CBE6DAB142A3}.Release|Any CPU.Build.0 = Release|Any CPU
		{D1C77CB7-6F68-4DD6-B6D1-CAA6CCDA59C3}.Debug|Any CPU.ActiveCfg = Debug|Any CPU
		{D1C77CB7-6F68-4DD6-B6D1-CAA6CCDA59C3}.Debug|Any CPU.Build.0 = Debug|Any CPU
		{D1C77CB7-6F68-4DD6-B6D1-CAA6CCDA59C3}.Release|Any CPU.ActiveCfg = Release|Any CPU
		{D1C77CB7-6F68-4DD6-B6D1-CAA6CCDA59C3}.Release|Any CPU.Build.0 = Release|Any CPU
		{D653995F-49C8-443A-B015-A88DE4E28A5F}.Debug|Any CPU.ActiveCfg = Debug|Any CPU
		{D653995F-49C8-443A-B015-A88DE4E28A5F}.Debug|Any CPU.Build.0 = Debug|Any CPU
		{D653995F-49C8-443A-B015-A88DE4E28A5F}.Release|Any CPU.ActiveCfg = Release|Any CPU
		{D653995F-49C8-443A-B015-A88DE4E28A5F}.Release|Any CPU.Build.0 = Release|Any CPU
		{BAE74F00-43E4-46C4-A139-1966D99AFDA8}.Debug|Any CPU.ActiveCfg = Debug|Any CPU
		{BAE74F00-43E4-46C4-A139-1966D99AFDA8}.Debug|Any CPU.Build.0 = Debug|Any CPU
		{BAE74F00-43E4-46C4-A139-1966D99AFDA8}.Release|Any CPU.ActiveCfg = Release|Any CPU
		{BAE74F00-43E4-46C4-A139-1966D99AFDA8}.Release|Any CPU.Build.0 = Release|Any CPU
		{4D38046E-FFAF-451D-9218-D5827B4AEF4D}.Debug|Any CPU.ActiveCfg = Debug|Any CPU
		{4D38046E-FFAF-451D-9218-D5827B4AEF4D}.Debug|Any CPU.Build.0 = Debug|Any CPU
		{4D38046E-FFAF-451D-9218-D5827B4AEF4D}.Release|Any CPU.ActiveCfg = Release|Any CPU
		{4D38046E-FFAF-451D-9218-D5827B4AEF4D}.Release|Any CPU.Build.0 = Release|Any CPU
		{086DAD4D-E1E9-4837-BB0B-24BA2B1CE683}.Debug|Any CPU.ActiveCfg = Debug|Any CPU
		{086DAD4D-E1E9-4837-BB0B-24BA2B1CE683}.Debug|Any CPU.Build.0 = Debug|Any CPU
		{086DAD4D-E1E9-4837-BB0B-24BA2B1CE683}.Release|Any CPU.ActiveCfg = Release|Any CPU
		{086DAD4D-E1E9-4837-BB0B-24BA2B1CE683}.Release|Any CPU.Build.0 = Release|Any CPU
		{44C66A7D-2708-4331-858A-604EBD0D089F}.Debug|Any CPU.ActiveCfg = Debug|Any CPU
		{44C66A7D-2708-4331-858A-604EBD0D089F}.Debug|Any CPU.Build.0 = Debug|Any CPU
		{44C66A7D-2708-4331-858A-604EBD0D089F}.Release|Any CPU.ActiveCfg = Release|Any CPU
		{44C66A7D-2708-4331-858A-604EBD0D089F}.Release|Any CPU.Build.0 = Release|Any CPU
	EndGlobalSection
	GlobalSection(SolutionProperties) = preSolution
		HideSolutionNode = FALSE
	EndGlobalSection
EndGlobal
